<?xml version="1.0" encoding="utf-8"?>
<Project ToolsVersion="4.0" xmlns="http://schemas.microsoft.com/developer/msbuild/2003">
  <ItemGroup>
    <Filter Include="Source Files">
      <UniqueIdentifier>{4FC737F1-C7A5-4376-A066-2A32D752A2FF}</UniqueIdentifier>
      <Extensions>cpp;c;cc;cxx;def;odl;idl;hpj;bat;asm;asmx</Extensions>
    </Filter>
    <Filter Include="Header Files">
      <UniqueIdentifier>{93995380-89BD-4b04-88EB-625FBE52EBFB}</UniqueIdentifier>
      <Extensions>h;hh;hpp;hxx;hm;inl;inc;xsd</Extensions>
    </Filter>
    <Filter Include="Resource Files">
      <UniqueIdentifier>{67DA6AB6-F800-4c08-8B7A-83BB121AAD01}</UniqueIdentifier>
      <Extensions>rc;ico;cur;bmp;dlg;rc2;rct;bin;rgs;gif;jpg;jpeg;jpe;resx;tiff;tif;png;wav;mfcribbon-ms</Extensions>
    </Filter>
    <Filter Include="Source Files\Scene">
      <UniqueIdentifier>{3661fad1-4884-446d-8533-f9f780da6550}</UniqueIdentifier>
    </Filter>
    <Filter Include="Source Files\Util">
      <UniqueIdentifier>{7df76008-8d20-4e5f-ac25-18cd06495253}</UniqueIdentifier>
    </Filter>
    <Filter Include="Source Files\Resources">
      <UniqueIdentifier>{f124bab8-29d5-44cc-8aad-edef521b9ed0}</UniqueIdentifier>
    </Filter>
  </ItemGroup>
  <ItemGroup>
    <ClCompile Include="main.cpp">
      <Filter>Source Files</Filter>
    </ClCompile>
    <ClCompile Include="Cube.cpp">
      <Filter>Source Files\Scene</Filter>
    </ClCompile>
    <ClCompile Include="Util.cpp">
      <Filter>Source Files\Util</Filter>
    </ClCompile>
    <ClCompile Include="SceneObject.cpp">
      <Filter>Source Files\Scene</Filter>
    </ClCompile>
    <ClCompile Include="Shader.cpp">
      <Filter>Source Files\Resources</Filter>
    </ClCompile>
    <ClCompile Include="Texture.cpp">
      <Filter>Source Files\Resources</Filter>
    </ClCompile>
    <ClCompile Include="Bullet.cpp">
      <Filter>Source Files\Scene</Filter>
    </ClCompile>
    <ClCompile Include="2DObject.cpp">
      <Filter>Source Files</Filter>
    </ClCompile>
    <ClCompile Include="HUDObject.cpp">
      <Filter>Source Files</Filter>
    </ClCompile>
    <ClCompile Include="Enemy.cpp">
      <Filter>Source Files</Filter>
    </ClCompile>
    <ClCompile Include="Upgrade.cpp">
      <Filter>Source Files</Filter>
    </ClCompile>
    <ClCompile Include="Room.cpp">
      <Filter>Source Files</Filter>
    </ClCompile>
    <ClCompile Include="Letter.cpp">
      <Filter>Source Files</Filter>
    </ClCompile>
    <ClCompile Include="Text.cpp">
      <Filter>Source Files</Filter>
    </ClCompile>
    <ClCompile Include="Model.cpp">
      <Filter>Source Files</Filter>
    </ClCompile>
    <ClCompile Include="FrustumG.cpp">
      <Filter>Source Files</Filter>
    </ClCompile>
    <ClCompile Include="Plane.cpp">
      <Filter>Source Files</Filter>
    </ClCompile>
  </ItemGroup>
  <ItemGroup>
    <ClInclude Include="Shader.h">
      <Filter>Header Files</Filter>
    </ClInclude>
    <ClInclude Include="SceneObject.h">
      <Filter>Header Files</Filter>
    </ClInclude>
    <ClInclude Include="Cube.h">
      <Filter>Header Files</Filter>
    </ClInclude>
    <ClInclude Include="Texture.h">
      <Filter>Header Files</Filter>
    </ClInclude>
    <ClInclude Include="Bullet.h">
      <Filter>Header Files</Filter>
    </ClInclude>
    <ClInclude Include="2DObject.h">
      <Filter>Header Files</Filter>
    </ClInclude>
    <ClInclude Include="HUDObject.h">
      <Filter>Header Files</Filter>
    </ClInclude>
    <ClInclude Include="Enemy.h">
      <Filter>Header Files</Filter>
    </ClInclude>
    <ClInclude Include="Upgrade.h">
      <Filter>Header Files</Filter>
    </ClInclude>
    <ClInclude Include="Coin.h">
      <Filter>Header Files</Filter>
    </ClInclude>
    <ClInclude Include="global.h">
      <Filter>Header Files</Filter>
    </ClInclude>
    <ClInclude Include="Healthpack.h">
      <Filter>Header Files</Filter>
    </ClInclude>
    <ClInclude Include="Speed_Up.h">
      <Filter>Header Files</Filter>
    </ClInclude>
    <ClInclude Include="MaxJumps_Up.h">
      <Filter>Header Files</Filter>
    </ClInclude>
    <ClInclude Include="ShootingRate_Up.h">
      <Filter>Header Files</Filter>
    </ClInclude>
    <ClInclude Include="JumpHeight_Up.h">
      <Filter>Header Files</Filter>
    </ClInclude>
    <ClInclude Include="BulletSpeed_Up.h">
      <Filter>Header Files</Filter>
    </ClInclude>
    <ClInclude Include="BulletAccel_Up.h">
      <Filter>Header Files</Filter>
    </ClInclude>
    <ClInclude Include="Room.h">
      <Filter>Header Files</Filter>
    </ClInclude>
    <ClInclude Include="Letter.h">
      <Filter>Header Files</Filter>
    </ClInclude>
    <ClInclude Include="Text.h">
      <Filter>Header Files</Filter>
    </ClInclude>
    <ClInclude Include="HookLength_Up.h">
      <Filter>Header Files</Filter>
    </ClInclude>
    <ClInclude Include="Model.h">
      <Filter>Header Files</Filter>
    </ClInclude>
    <ClInclude Include="FrustumG.h">
      <Filter>Header Files</Filter>
    </ClInclude>
    <ClInclude Include="Plane.h">
      <Filter>Header Files</Filter>
    </ClInclude>
    <ClInclude Include="SimpleEnemy.h">
      <Filter>Header Files</Filter>
    </ClInclude>
    <ClInclude Include="StationaryEnemy.h">
      <Filter>Header Files</Filter>
    </ClInclude>
    <ClInclude Include="objModel.h">
      <Filter>Header Files</Filter>
    </ClInclude>
  </ItemGroup>
  <ItemGroup>
    <None Include="Shader\vertex.vert">
      <Filter>Resource Files</Filter>
    </None>
    <None Include="Shader\fragment.frag">
      <Filter>Resource Files</Filter>
    </None>
    <None Include="Shader\TextureShader.frag">
      <Filter>Resource Files</Filter>
    </None>
    <None Include="Shader\TextureShader.vert">
      <Filter>Resource Files</Filter>
    </None>
    <None Include="Shader\wallShader.frag">
      <Filter>Resource Files</Filter>
    </None>
    <None Include="Shader\bulletshader.frag">
      <Filter>Resource Files</Filter>
    </None>
    <None Include="Shader\enemy.frag" />
    <None Include="Shader\material.frag" />
    <None Include="Shader\TextureShader2.frag" />
    <None Include="Shader\postProcessing.vert">
      <Filter>Resource Files</Filter>
    </None>
    <None Include="Shader\postProcessingThreshold.frag">
      <Filter>Resource Files</Filter>
    </None>
    <None Include="Shader\blurShader.frag">
      <Filter>Resource Files</Filter>
    </None>
    <None Include="Shader\postProcessing.frag">
      <Filter>Resource Files</Filter>
    </None>
    <None Include="Shader\3dObj.vert" />
    <None Include="Shader\3dObj.frag" />
  </ItemGroup>
  <ItemGroup>
    <Image Include="Textures\test01.png">
      <Filter>Resource Files</Filter>
    </Image>
    <Image Include="Textures\crosshair01.png">
      <Filter>Resource Files</Filter>
    </Image>
    <Image Include="Textures\danbo.ico">
      <Filter>Resource Files</Filter>
    </Image>
  </ItemGroup>
  <ItemGroup>
    <ResourceCompile Include="Textures\resource.rc">
      <Filter>Resource Files</Filter>
    </ResourceCompile>
  </ItemGroup>
</Project>